
Microsoft Visual Studio Solution File, Format Version 12.00
# Visual Studio Version 17
VisualStudioVersion = 17.6.33829.357
MinimumVisualStudioVersion = 10.0.40219.1
Project("{8BC9CEB8-8B4A-11D0-8D11-00A0C91BC942}") = "lorenz-attractor", "lorenz-attractor\lorenz-attractor.vcxproj", "{CEC2721B-7786-49BE-B273-58A5ADD91DE9}"
EndProject
Global
	GlobalSection(SolutionConfigurationPlatforms) = preSolution
		Debug|x64 = Debug|x64
		Debug|x86 = Debug|x86
		Release|x64 = Release|x64
		Release|x86 = Release|x86
	EndGlobalSection
	GlobalSection(ProjectConfigurationPlatforms) = postSolution
		{CEC2721B-7786-49BE-B273-58A5ADD91DE9}.Debug|x64.ActiveCfg = Debug|x64
		{CEC2721B-7786-49BE-B273-58A5ADD91DE9}.Debug|x64.Build.0 = Debug|x64
		{CEC2721B-7786-49BE-B273-58A5ADD91DE9}.Debug|x86.ActiveCfg = Debug|Win32
		{CEC2721B-7786-49BE-B273-58A5ADD91DE9}.Debug|x86.Build.0 = Debug|Win32
		{CEC2721B-7786-49BE-B273-58A5ADD91DE9}.Release|x64.ActiveCfg = Release|x64
		{CEC2721B-7786-49BE-B273-58A5ADD91DE9}.Release|x64.Build.0 = Release|x64
		{CEC2721B-7786-49BE-B273-58A5ADD91DE9}.Release|x86.ActiveCfg = Release|Win32
		{CEC2721B-7786-49BE-B273-58A5ADD91DE9}.Release|x86.Build.0 = Release|Win32
	EndGlobalSection
	GlobalSection(SolutionProperties) = preSolution
		HideSolutionNode = FALSE
	EndGlobalSection
	GlobalSection(ExtensibilityGlobals) = postSolution
		SolutionGuid = {1C2F02E6-489F-4273-9473-AE1A6280FCC2}
	EndGlobalSection
EndGlobal
